// !$*UTF8*$!
{
	archiveVersion = 1;
	classes = {
	};
	objectVersion = 51;
	objects = {

/* Begin PBXBuildFile section */
		280D1A2A24150845007358FB /* PersistentService.swift in Sources */ = {isa = PBXBuildFile; fileRef = 280D1A2924150845007358FB /* PersistentService.swift */; };
		2813C3D1243BA765003E87C8 /* data.swift in Sources */ = {isa = PBXBuildFile; fileRef = 2813C3D0243BA765003E87C8 /* data.swift */; };
		2813C3D3243BA7A0003E87C8 /* quotes.swift in Sources */ = {isa = PBXBuildFile; fileRef = 2813C3D2243BA7A0003E87C8 /* quotes.swift */; };
		28176A97241547130035B760 /* Numbers+CoreDataClass.swift in Sources */ = {isa = PBXBuildFile; fileRef = 28176A95241547130035B760 /* Numbers+CoreDataClass.swift */; };
		28176A98241547130035B760 /* Numbers+CoreDataProperties.swift in Sources */ = {isa = PBXBuildFile; fileRef = 28176A96241547130035B760 /* Numbers+CoreDataProperties.swift */; };
		2841E408242E50320023369D /* DescriptionViewController.swift in Sources */ = {isa = PBXBuildFile; fileRef = 2841E407242E50320023369D /* DescriptionViewController.swift */; };
		2888A2D22434ED8400CB9B9E /* tableVIewController.swift in Sources */ = {isa = PBXBuildFile; fileRef = 2888A2D12434ED8400CB9B9E /* tableVIewController.swift */; };
		2888A2D52434EF6800CB9B9E /* Video.swift in Sources */ = {isa = PBXBuildFile; fileRef = 2888A2D32434EF6800CB9B9E /* Video.swift */; };
		2888A2D62434EF6800CB9B9E /* VideoCell.swift in Sources */ = {isa = PBXBuildFile; fileRef = 2888A2D42434EF6800CB9B9E /* VideoCell.swift */; };
		2888A2D824350C1C00CB9B9E /* ReesourcesDescriptionViewController.swift in Sources */ = {isa = PBXBuildFile; fileRef = 2888A2D724350C1C00CB9B9E /* ReesourcesDescriptionViewController.swift */; };
		28A63D6D242DFD2B0061DEEE /* SCTableViewController.swift in Sources */ = {isa = PBXBuildFile; fileRef = 28A63D6C242DFD2B0061DEEE /* SCTableViewController.swift */; };
		28A88A1F24362C260058EEBC /* EatingDisordersViewController.swift in Sources */ = {isa = PBXBuildFile; fileRef = 28A88A1E24362C260058EEBC /* EatingDisordersViewController.swift */; };
		28AE27592431FFB40044A3FD /* PopupTableViewController.swift in Sources */ = {isa = PBXBuildFile; fileRef = 28AE27582431FFB40044A3FD /* PopupTableViewController.swift */; };
		28B7606E243E007800828C91 /* Onboarding.storyboard in Resources */ = {isa = PBXBuildFile; fileRef = 28B7606D243E007800828C91 /* Onboarding.storyboard */; };
		28C8371A2439BAA70044A83C /* ResourceLinksViewController.swift in Sources */ = {isa = PBXBuildFile; fileRef = 28C837192439BAA70044A83C /* ResourceLinksViewController.swift */; };
		28C8371C2439C23C0044A83C /* WebPAgeViewController.swift in Sources */ = {isa = PBXBuildFile; fileRef = 28C8371B2439C23C0044A83C /* WebPAgeViewController.swift */; };
		28D00B892430D39100D7038C /* Recents+CoreDataClass.swift in Sources */ = {isa = PBXBuildFile; fileRef = 28D00B882430D39100D7038C /* Recents+CoreDataClass.swift */; };
		28D00B8A2430D39100D7038C /* Recents+CoreDataProperties.swift in Sources */ = {isa = PBXBuildFile; fileRef = 28D00B872430D39100D7038C /* Recents+CoreDataProperties.swift */; };
		28D00B8C2430D9EF00D7038C /* PersistenceService2.swift in Sources */ = {isa = PBXBuildFile; fileRef = 28D00B8B2430D9EF00D7038C /* PersistenceService2.swift */; };
		28DAA4D023F6F8D500525B8E /* Pods_moodcal.framework in Frameworks */ = {isa = PBXBuildFile; fileRef = 28DAA4CF23F6F8D500525B8E /* Pods_moodcal.framework */; };
		28DAA4D123F6F8D500525B8E /* Pods_moodcal.framework in Embed Frameworks */ = {isa = PBXBuildFile; fileRef = 28DAA4CF23F6F8D500525B8E /* Pods_moodcal.framework */; settings = {ATTRIBUTES = (CodeSignOnCopy, RemoveHeadersOnCopy, ); }; };
		28E0CA5C24055749002EACD6 /* datamodel.xcdatamodeld in Sources */ = {isa = PBXBuildFile; fileRef = 28E0CA5A24055749002EACD6 /* datamodel.xcdatamodeld */; };
		28E8E4CB23ED50DD008C6B0B /* AppDelegate.swift in Sources */ = {isa = PBXBuildFile; fileRef = 28E8E4CA23ED50DD008C6B0B /* AppDelegate.swift */; };
		28E8E4CD23ED50DD008C6B0B /* SceneDelegate.swift in Sources */ = {isa = PBXBuildFile; fileRef = 28E8E4CC23ED50DD008C6B0B /* SceneDelegate.swift */; };
		28E8E4CF23ED50DD008C6B0B /* mainViewController.swift in Sources */ = {isa = PBXBuildFile; fileRef = 28E8E4CE23ED50DD008C6B0B /* mainViewController.swift */; };
		28E8E4D223ED50DD008C6B0B /* Main.storyboard in Resources */ = {isa = PBXBuildFile; fileRef = 28E8E4D023ED50DD008C6B0B /* Main.storyboard */; };
		28E8E4D723ED50DE008C6B0B /* Assets.xcassets in Resources */ = {isa = PBXBuildFile; fileRef = 28E8E4D623ED50DE008C6B0B /* Assets.xcassets */; };
		28E8E4DA23ED50DE008C6B0B /* LaunchScreen.storyboard in Resources */ = {isa = PBXBuildFile; fileRef = 28E8E4D823ED50DE008C6B0B /* LaunchScreen.storyboard */; };
		28ED8624243D8EF7006885B5 /* OnBoardingViewController.swift in Sources */ = {isa = PBXBuildFile; fileRef = 28ED8623243D8EF7006885B5 /* OnBoardingViewController.swift */; };
		28ED8627243D9FFF006885B5 /* onboardingView.swift in Sources */ = {isa = PBXBuildFile; fileRef = 28ED8626243D9FFF006885B5 /* onboardingView.swift */; };
/* End PBXBuildFile section */

/* Begin PBXCopyFilesBuildPhase section */
		28DAA4D223F6F8D500525B8E /* Embed Frameworks */ = {
			isa = PBXCopyFilesBuildPhase;
			buildActionMask = 2147483647;
			dstPath = "";
			dstSubfolderSpec = 10;
			files = (
				28DAA4D123F6F8D500525B8E /* Pods_moodcal.framework in Embed Frameworks */,
			);
			name = "Embed Frameworks";
			runOnlyForDeploymentPostprocessing = 0;
		};
/* End PBXCopyFilesBuildPhase section */

/* Begin PBXFileReference section */
		280D1A2924150845007358FB /* PersistentService.swift */ = {isa = PBXFileReference; lastKnownFileType = sourcecode.swift; path = PersistentService.swift; sourceTree = "<group>"; };
		2813C3D0243BA765003E87C8 /* data.swift */ = {isa = PBXFileReference; fileEncoding = 4; lastKnownFileType = sourcecode.swift; name = data.swift; path = "../text:info/data.swift"; sourceTree = "<group>"; };
		2813C3D2243BA7A0003E87C8 /* quotes.swift */ = {isa = PBXFileReference; lastKnownFileType = sourcecode.swift; path = quotes.swift; sourceTree = "<group>"; };
		28176A95241547130035B760 /* Numbers+CoreDataClass.swift */ = {isa = PBXFileReference; fileEncoding = 4; lastKnownFileType = sourcecode.swift; path = "Numbers+CoreDataClass.swift"; sourceTree = "<group>"; };
		28176A96241547130035B760 /* Numbers+CoreDataProperties.swift */ = {isa = PBXFileReference; fileEncoding = 4; lastKnownFileType = sourcecode.swift; path = "Numbers+CoreDataProperties.swift"; sourceTree = "<group>"; };
		2841E407242E50320023369D /* DescriptionViewController.swift */ = {isa = PBXFileReference; lastKnownFileType = sourcecode.swift; path = DescriptionViewController.swift; sourceTree = "<group>"; };
		2888A2D12434ED8400CB9B9E /* tableVIewController.swift */ = {isa = PBXFileReference; lastKnownFileType = sourcecode.swift; path = tableVIewController.swift; sourceTree = "<group>"; };
		2888A2D32434EF6800CB9B9E /* Video.swift */ = {isa = PBXFileReference; fileEncoding = 4; lastKnownFileType = sourcecode.swift; path = Video.swift; sourceTree = "<group>"; };
		2888A2D42434EF6800CB9B9E /* VideoCell.swift */ = {isa = PBXFileReference; fileEncoding = 4; lastKnownFileType = sourcecode.swift; path = VideoCell.swift; sourceTree = "<group>"; };
		2888A2D724350C1C00CB9B9E /* ReesourcesDescriptionViewController.swift */ = {isa = PBXFileReference; lastKnownFileType = sourcecode.swift; path = ReesourcesDescriptionViewController.swift; sourceTree = "<group>"; };
		28A63D6C242DFD2B0061DEEE /* SCTableViewController.swift */ = {isa = PBXFileReference; lastKnownFileType = sourcecode.swift; path = SCTableViewController.swift; sourceTree = "<group>"; };
		28A88A1E24362C260058EEBC /* EatingDisordersViewController.swift */ = {isa = PBXFileReference; lastKnownFileType = sourcecode.swift; path = EatingDisordersViewController.swift; sourceTree = "<group>"; };
		28AE27582431FFB40044A3FD /* PopupTableViewController.swift */ = {isa = PBXFileReference; lastKnownFileType = sourcecode.swift; path = PopupTableViewController.swift; sourceTree = "<group>"; };
		28B7606D243E007800828C91 /* Onboarding.storyboard */ = {isa = PBXFileReference; lastKnownFileType = file.storyboard; path = Onboarding.storyboard; sourceTree = "<group>"; };
		28C837192439BAA70044A83C /* ResourceLinksViewController.swift */ = {isa = PBXFileReference; lastKnownFileType = sourcecode.swift; path = ResourceLinksViewController.swift; sourceTree = "<group>"; };
		28C8371B2439C23C0044A83C /* WebPAgeViewController.swift */ = {isa = PBXFileReference; lastKnownFileType = sourcecode.swift; path = WebPAgeViewController.swift; sourceTree = "<group>"; };
		28D00B872430D39100D7038C /* Recents+CoreDataProperties.swift */ = {isa = PBXFileReference; lastKnownFileType = sourcecode.swift; name = "Recents+CoreDataProperties.swift"; path = "/Users/uditisharma/Desktop/Coding/swift/moodcal/Recents+CoreDataProperties.swift"; sourceTree = "<absolute>"; };
		28D00B882430D39100D7038C /* Recents+CoreDataClass.swift */ = {isa = PBXFileReference; lastKnownFileType = sourcecode.swift; name = "Recents+CoreDataClass.swift"; path = "/Users/uditisharma/Desktop/Coding/swift/moodcal/Recents+CoreDataClass.swift"; sourceTree = "<absolute>"; };
		28D00B8B2430D9EF00D7038C /* PersistenceService2.swift */ = {isa = PBXFileReference; lastKnownFileType = sourcecode.swift; path = PersistenceService2.swift; sourceTree = "<group>"; };
		28DAA4CF23F6F8D500525B8E /* Pods_moodcal.framework */ = {isa = PBXFileReference; explicitFileType = wrapper.framework; path = Pods_moodcal.framework; sourceTree = BUILT_PRODUCTS_DIR; };
		28DAA4D323F6F8D900525B8E /* Charts.framework */ = {isa = PBXFileReference; explicitFileType = wrapper.framework; path = Charts.framework; sourceTree = BUILT_PRODUCTS_DIR; };
		28DAA4D623F6F9F300525B8E /* Charts-master */ = {isa = PBXFileReference; lastKnownFileType = folder; name = "Charts-master"; path = "../../../Charts-master"; sourceTree = "<group>"; };
		28DAA4D723F6FA1400525B8E /* Charts.xcworkspace */ = {isa = PBXFileReference; lastKnownFileType = wrapper.workspace; name = Charts.xcworkspace; path = "../../../Charts-master/Charts.xcworkspace"; sourceTree = "<group>"; };
		28DAA4DA23F6FAA700525B8E /* Charts.framework */ = {isa = PBXFileReference; explicitFileType = wrapper.framework; path = Charts.framework; sourceTree = BUILT_PRODUCTS_DIR; };
		28DAA4DD23F6FABC00525B8E /* Charts.framework */ = {isa = PBXFileReference; explicitFileType = wrapper.framework; path = Charts.framework; sourceTree = BUILT_PRODUCTS_DIR; };
		28DAA4E023F6FAE000525B8E /* Charts.framework */ = {isa = PBXFileReference; explicitFileType = wrapper.framework; path = Charts.framework; sourceTree = BUILT_PRODUCTS_DIR; };
		28E0CA5B24055749002EACD6 /* datamodel.xcdatamodel */ = {isa = PBXFileReference; lastKnownFileType = wrapper.xcdatamodel; path = datamodel.xcdatamodel; sourceTree = "<group>"; };
		28E8E4C723ED50DD008C6B0B /* moodcal.app */ = {isa = PBXFileReference; explicitFileType = wrapper.application; includeInIndex = 0; path = moodcal.app; sourceTree = BUILT_PRODUCTS_DIR; };
		28E8E4CA23ED50DD008C6B0B /* AppDelegate.swift */ = {isa = PBXFileReference; lastKnownFileType = sourcecode.swift; path = AppDelegate.swift; sourceTree = "<group>"; };
		28E8E4CC23ED50DD008C6B0B /* SceneDelegate.swift */ = {isa = PBXFileReference; lastKnownFileType = sourcecode.swift; path = SceneDelegate.swift; sourceTree = "<group>"; };
		28E8E4CE23ED50DD008C6B0B /* mainViewController.swift */ = {isa = PBXFileReference; lastKnownFileType = sourcecode.swift; path = mainViewController.swift; sourceTree = "<group>"; };
		28E8E4D123ED50DD008C6B0B /* Base */ = {isa = PBXFileReference; lastKnownFileType = file.storyboard; name = Base; path = Base.lproj/Main.storyboard; sourceTree = "<group>"; };
		28E8E4D623ED50DE008C6B0B /* Assets.xcassets */ = {isa = PBXFileReference; lastKnownFileType = folder.assetcatalog; path = Assets.xcassets; sourceTree = "<group>"; };
		28E8E4D923ED50DE008C6B0B /* Base */ = {isa = PBXFileReference; lastKnownFileType = file.storyboard; name = Base; path = Base.lproj/LaunchScreen.storyboard; sourceTree = "<group>"; };
		28E8E4DB23ED50DE008C6B0B /* Info.plist */ = {isa = PBXFileReference; lastKnownFileType = text.plist.xml; path = Info.plist; sourceTree = "<group>"; };
		28ED8623243D8EF7006885B5 /* OnBoardingViewController.swift */ = {isa = PBXFileReference; lastKnownFileType = sourcecode.swift; path = OnBoardingViewController.swift; sourceTree = "<group>"; };
		28ED8626243D9FFF006885B5 /* onboardingView.swift */ = {isa = PBXFileReference; lastKnownFileType = sourcecode.swift; path = onboardingView.swift; sourceTree = "<group>"; };
		28FC2C3823F6F76A00AC0373 /* Charts.framework */ = {isa = PBXFileReference; explicitFileType = wrapper.framework; path = Charts.framework; sourceTree = BUILT_PRODUCTS_DIR; };
		5B4332C3532A38E0B69BCC03 /* Pods-moodcal.release.xcconfig */ = {isa = PBXFileReference; includeInIndex = 1; lastKnownFileType = text.xcconfig; name = "Pods-moodcal.release.xcconfig"; path = "Target Support Files/Pods-moodcal/Pods-moodcal.release.xcconfig"; sourceTree = "<group>"; };
		8554BC9B983D311C6AF45A67 /* Pods-moodcal.debug.xcconfig */ = {isa = PBXFileReference; includeInIndex = 1; lastKnownFileType = text.xcconfig; name = "Pods-moodcal.debug.xcconfig"; path = "Target Support Files/Pods-moodcal/Pods-moodcal.debug.xcconfig"; sourceTree = "<group>"; };
		CD8F4F2931D15C99E1037CFE /* Pods_moodcal.framework */ = {isa = PBXFileReference; explicitFileType = wrapper.framework; includeInIndex = 0; path = Pods_moodcal.framework; sourceTree = BUILT_PRODUCTS_DIR; };
/* End PBXFileReference section */

/* Begin PBXFrameworksBuildPhase section */
		28E8E4C423ED50DD008C6B0B /* Frameworks */ = {
			isa = PBXFrameworksBuildPhase;
			buildActionMask = 2147483647;
			files = (
				28DAA4D023F6F8D500525B8E /* Pods_moodcal.framework in Frameworks */,
			);
			runOnlyForDeploymentPostprocessing = 0;
		};
/* End PBXFrameworksBuildPhase section */

/* Begin PBXGroup section */
		2813C3D4243BA922003E87C8 /* info */ = {
			isa = PBXGroup;
			children = (
				2813C3D0243BA765003E87C8 /* data.swift */,
				2813C3D2243BA7A0003E87C8 /* quotes.swift */,
			);
			path = info;
			sourceTree = "<group>";
		};
		28571F1B23FD728A00C3A0D3 /* view controllers */ = {
			isa = PBXGroup;
			children = (
				28E8E4CE23ED50DD008C6B0B /* mainViewController.swift */,
				28E9582C2435A308005BAAD5 /* Self care */,
				28E9582D2435BE57005BAAD5 /* resources */,
			);
			path = "view controllers";
			sourceTree = "<group>";
		};
		28BD40512434CFC2001FC31B /* Core data */ = {
			isa = PBXGroup;
			children = (
				28D00B8B2430D9EF00D7038C /* PersistenceService2.swift */,
				280D1A2924150845007358FB /* PersistentService.swift */,
				28D00B882430D39100D7038C /* Recents+CoreDataClass.swift */,
				28D00B872430D39100D7038C /* Recents+CoreDataProperties.swift */,
				28176A95241547130035B760 /* Numbers+CoreDataClass.swift */,
				28176A96241547130035B760 /* Numbers+CoreDataProperties.swift */,
			);
			path = "Core data";
			sourceTree = "<group>";
		};
		28C837142438D1F80044A83C /* cell1 */ = {
			isa = PBXGroup;
			children = (
				2888A2D32434EF6800CB9B9E /* Video.swift */,
				2888A2D42434EF6800CB9B9E /* VideoCell.swift */,
			);
			path = cell1;
			sourceTree = "<group>";
		};
		28E8E4BE23ED50DD008C6B0B = {
			isa = PBXGroup;
			children = (
				28E8E4C923ED50DD008C6B0B /* moodcal */,
				28E8E4C823ED50DD008C6B0B /* Products */,
				5EACD803C8CEBD5037373FFF /* Pods */,
				D2F4AB9D8C79551B861B8D74 /* Frameworks */,
			);
			sourceTree = "<group>";
		};
		28E8E4C823ED50DD008C6B0B /* Products */ = {
			isa = PBXGroup;
			children = (
				28E8E4C723ED50DD008C6B0B /* moodcal.app */,
			);
			name = Products;
			sourceTree = "<group>";
		};
		28E8E4C923ED50DD008C6B0B /* moodcal */ = {
			isa = PBXGroup;
			children = (
				28E8E4CA23ED50DD008C6B0B /* AppDelegate.swift */,
				28E8E4CC23ED50DD008C6B0B /* SceneDelegate.swift */,
				28BD40512434CFC2001FC31B /* Core data */,
				28E8E4D023ED50DD008C6B0B /* Main.storyboard */,
				28B7606D243E007800828C91 /* Onboarding.storyboard */,
				2813C3D4243BA922003E87C8 /* info */,
				28571F1B23FD728A00C3A0D3 /* view controllers */,
				28E8E4D623ED50DE008C6B0B /* Assets.xcassets */,
				28E8E4D823ED50DE008C6B0B /* LaunchScreen.storyboard */,
				28E8E4DB23ED50DE008C6B0B /* Info.plist */,
				28E0CA5A24055749002EACD6 /* datamodel.xcdatamodeld */,
				28ED8625243D8EFF006885B5 /* onboarding */,
			);
			path = moodcal;
			sourceTree = "<group>";
		};
		28E9582C2435A308005BAAD5 /* Self care */ = {
			isa = PBXGroup;
			children = (
				28A63D6C242DFD2B0061DEEE /* SCTableViewController.swift */,
				2841E407242E50320023369D /* DescriptionViewController.swift */,
				28AE27582431FFB40044A3FD /* PopupTableViewController.swift */,
			);
			path = "Self care";
			sourceTree = "<group>";
		};
		28E9582D2435BE57005BAAD5 /* resources */ = {
			isa = PBXGroup;
			children = (
				2888A2D12434ED8400CB9B9E /* tableVIewController.swift */,
				28C837142438D1F80044A83C /* cell1 */,
				2888A2D724350C1C00CB9B9E /* ReesourcesDescriptionViewController.swift */,
				28A88A1E24362C260058EEBC /* EatingDisordersViewController.swift */,
				28C837192439BAA70044A83C /* ResourceLinksViewController.swift */,
				28C8371B2439C23C0044A83C /* WebPAgeViewController.swift */,
			);
			path = resources;
			sourceTree = "<group>";
		};
		28ED8625243D8EFF006885B5 /* onboarding */ = {
			isa = PBXGroup;
			children = (
				28ED8623243D8EF7006885B5 /* OnBoardingViewController.swift */,
				28ED8626243D9FFF006885B5 /* onboardingView.swift */,
			);
			path = onboarding;
			sourceTree = "<group>";
		};
		5EACD803C8CEBD5037373FFF /* Pods */ = {
			isa = PBXGroup;
			children = (
				8554BC9B983D311C6AF45A67 /* Pods-moodcal.debug.xcconfig */,
				5B4332C3532A38E0B69BCC03 /* Pods-moodcal.release.xcconfig */,
			);
			path = Pods;
			sourceTree = "<group>";
		};
		D2F4AB9D8C79551B861B8D74 /* Frameworks */ = {
			isa = PBXGroup;
			children = (
				28DAA4E023F6FAE000525B8E /* Charts.framework */,
				28DAA4DD23F6FABC00525B8E /* Charts.framework */,
				28DAA4DA23F6FAA700525B8E /* Charts.framework */,
				28DAA4D723F6FA1400525B8E /* Charts.xcworkspace */,
				28DAA4D623F6F9F300525B8E /* Charts-master */,
				28DAA4D323F6F8D900525B8E /* Charts.framework */,
				28DAA4CF23F6F8D500525B8E /* Pods_moodcal.framework */,
				28FC2C3823F6F76A00AC0373 /* Charts.framework */,
				CD8F4F2931D15C99E1037CFE /* Pods_moodcal.framework */,
			);
			name = Frameworks;
			sourceTree = "<group>";
		};
/* End PBXGroup section */

/* Begin PBXNativeTarget section */
		28E8E4C623ED50DD008C6B0B /* moodcal */ = {
			isa = PBXNativeTarget;
			buildConfigurationList = 28E8E4DE23ED50DE008C6B0B /* Build configuration list for PBXNativeTarget "moodcal" */;
			buildPhases = (
				21D7A6475C2C2D53D3C7A0FB /* [CP] Check Pods Manifest.lock */,
				28E8E4C323ED50DD008C6B0B /* Sources */,
				28E8E4C423ED50DD008C6B0B /* Frameworks */,
				28E8E4C523ED50DD008C6B0B /* Resources */,
				0676C8E481FCD14768599CCB /* [CP] Embed Pods Frameworks */,
				28DAA4D223F6F8D500525B8E /* Embed Frameworks */,
			);
			buildRules = (
			);
			dependencies = (
			);
			name = moodcal;
			packageProductDependencies = (
			);
			productName = moodcal;
			productReference = 28E8E4C723ED50DD008C6B0B /* moodcal.app */;
			productType = "com.apple.product-type.application";
		};
/* End PBXNativeTarget section */

/* Begin PBXProject section */
		28E8E4BF23ED50DD008C6B0B /* Project object */ = {
			isa = PBXProject;
			attributes = {
				LastSwiftUpdateCheck = 1130;
				LastUpgradeCheck = 1130;
				ORGANIZATIONNAME = "Uditi Sharma";
				TargetAttributes = {
					28E8E4C623ED50DD008C6B0B = {
						CreatedOnToolsVersion = 11.3;
					};
				};
			};
			buildConfigurationList = 28E8E4C223ED50DD008C6B0B /* Build configuration list for PBXProject "moodcal" */;
			compatibilityVersion = "Xcode 9.3";
			developmentRegion = en;
			hasScannedForEncodings = 0;
			knownRegions = (
				en,
				Base,
			);
			mainGroup = 28E8E4BE23ED50DD008C6B0B;
			productRefGroup = 28E8E4C823ED50DD008C6B0B /* Products */;
			projectDirPath = "";
			projectRoot = "";
			targets = (
				28E8E4C623ED50DD008C6B0B /* moodcal */,
			);
		};
/* End PBXProject section */

/* Begin PBXResourcesBuildPhase section */
		28E8E4C523ED50DD008C6B0B /* Resources */ = {
			isa = PBXResourcesBuildPhase;
			buildActionMask = 2147483647;
			files = (
				28E8E4DA23ED50DE008C6B0B /* LaunchScreen.storyboard in Resources */,
				28E8E4D723ED50DE008C6B0B /* Assets.xcassets in Resources */,
				28E8E4D223ED50DD008C6B0B /* Main.storyboard in Resources */,
				28B7606E243E007800828C91 /* Onboarding.storyboard in Resources */,
			);
			runOnlyForDeploymentPostprocessing = 0;
		};
/* End PBXResourcesBuildPhase section */

/* Begin PBXShellScriptBuildPhase section */
		0676C8E481FCD14768599CCB /* [CP] Embed Pods Frameworks */ = {
			isa = PBXShellScriptBuildPhase;
			buildActionMask = 2147483647;
			files = (
			);
			inputFileListPaths = (
				"${PODS_ROOT}/Target Support Files/Pods-moodcal/Pods-moodcal-frameworks-${CONFIGURATION}-input-files.xcfilelist",
			);
			name = "[CP] Embed Pods Frameworks";
			outputFileListPaths = (
				"${PODS_ROOT}/Target Support Files/Pods-moodcal/Pods-moodcal-frameworks-${CONFIGURATION}-output-files.xcfilelist",
			);
			runOnlyForDeploymentPostprocessing = 0;
			shellPath = /bin/sh;
			shellScript = "\"${PODS_ROOT}/Target Support Files/Pods-moodcal/Pods-moodcal-frameworks.sh\"\n";
			showEnvVarsInLog = 0;
		};
		21D7A6475C2C2D53D3C7A0FB /* [CP] Check Pods Manifest.lock */ = {
			isa = PBXShellScriptBuildPhase;
			buildActionMask = 2147483647;
			files = (
			);
			inputFileListPaths = (
			);
			inputPaths = (
				"${PODS_PODFILE_DIR_PATH}/Podfile.lock",
				"${PODS_ROOT}/Manifest.lock",
			);
			name = "[CP] Check Pods Manifest.lock";
			outputFileListPaths = (
			);
			outputPaths = (
				"$(DERIVED_FILE_DIR)/Pods-moodcal-checkManifestLockResult.txt",
			);
			runOnlyForDeploymentPostprocessing = 0;
			shellPath = /bin/sh;
			shellScript = "diff \"${PODS_PODFILE_DIR_PATH}/Podfile.lock\" \"${PODS_ROOT}/Manifest.lock\" > /dev/null\nif [ $? != 0 ] ; then\n    # print error to STDERR\n    echo \"error: The sandbox is not in sync with the Podfile.lock. Run 'pod install' or update your CocoaPods installation.\" >&2\n    exit 1\nfi\n# This output is used by Xcode 'outputs' to avoid re-running this script phase.\necho \"SUCCESS\" > \"${SCRIPT_OUTPUT_FILE_0}\"\n";
			showEnvVarsInLog = 0;
		};
/* End PBXShellScriptBuildPhase section */

/* Begin PBXSourcesBuildPhase section */
		28E8E4C323ED50DD008C6B0B /* Sources */ = {
			isa = PBXSourcesBuildPhase;
			buildActionMask = 2147483647;
			files = (
				28D00B8C2430D9EF00D7038C /* PersistenceService2.swift in Sources */,
				28D00B892430D39100D7038C /* Recents+CoreDataClass.swift in Sources */,
				28E8E4CF23ED50DD008C6B0B /* mainViewController.swift in Sources */,
				28ED8624243D8EF7006885B5 /* OnBoardingViewController.swift in Sources */,
				28A63D6D242DFD2B0061DEEE /* SCTableViewController.swift in Sources */,
				2813C3D3243BA7A0003E87C8 /* quotes.swift in Sources */,
				28176A97241547130035B760 /* Numbers+CoreDataClass.swift in Sources */,
				28E0CA5C24055749002EACD6 /* datamodel.xcdatamodeld in Sources */,
				2888A2D62434EF6800CB9B9E /* VideoCell.swift in Sources */,
				28A88A1F24362C260058EEBC /* EatingDisordersViewController.swift in Sources */,
				28C8371C2439C23C0044A83C /* WebPAgeViewController.swift in Sources */,
				2888A2D824350C1C00CB9B9E /* ReesourcesDescriptionViewController.swift in Sources */,
				28AE27592431FFB40044A3FD /* PopupTableViewController.swift in Sources */,
				2888A2D22434ED8400CB9B9E /* tableVIewController.swift in Sources */,
				280D1A2A24150845007358FB /* PersistentService.swift in Sources */,
				28D00B8A2430D39100D7038C /* Recents+CoreDataProperties.swift in Sources */,
				28E8E4CB23ED50DD008C6B0B /* AppDelegate.swift in Sources */,
				2841E408242E50320023369D /* DescriptionViewController.swift in Sources */,
				28C8371A2439BAA70044A83C /* ResourceLinksViewController.swift in Sources */,
				28176A98241547130035B760 /* Numbers+CoreDataProperties.swift in Sources */,
				2888A2D52434EF6800CB9B9E /* Video.swift in Sources */,
				28ED8627243D9FFF006885B5 /* onboardingView.swift in Sources */,
				2813C3D1243BA765003E87C8 /* data.swift in Sources */,
				28E8E4CD23ED50DD008C6B0B /* SceneDelegate.swift in Sources */,
			);
			runOnlyForDeploymentPostprocessing = 0;
		};
/* End PBXSourcesBuildPhase section */

/* Begin PBXVariantGroup section */
		28E8E4D023ED50DD008C6B0B /* Main.storyboard */ = {
			isa = PBXVariantGroup;
			children = (
				28E8E4D123ED50DD008C6B0B /* Base */,
			);
			name = Main.storyboard;
			sourceTree = "<group>";
		};
		28E8E4D823ED50DE008C6B0B /* LaunchScreen.storyboard */ = {
			isa = PBXVariantGroup;
			children = (
				28E8E4D923ED50DE008C6B0B /* Base */,
			);
			name = LaunchScreen.storyboard;
			sourceTree = "<group>";
		};
/* End PBXVariantGroup section */

/* Begin XCBuildConfiguration section */
		28E8E4DC23ED50DE008C6B0B /* Debug */ = {
			isa = XCBuildConfiguration;
			buildSettings = {
				ALWAYS_SEARCH_USER_PATHS = NO;
				CLANG_ANALYZER_NONNULL = YES;
				CLANG_ANALYZER_NUMBER_OBJECT_CONVERSION = YES_AGGRESSIVE;
				CLANG_CXX_LANGUAGE_STANDARD = "gnu++14";
				CLANG_CXX_LIBRARY = "libc++";
				CLANG_ENABLE_MODULES = YES;
				CLANG_ENABLE_OBJC_ARC = YES;
				CLANG_ENABLE_OBJC_WEAK = YES;
				CLANG_WARN_BLOCK_CAPTURE_AUTORELEASING = YES;
				CLANG_WARN_BOOL_CONVERSION = YES;
				CLANG_WARN_COMMA = YES;
				CLANG_WARN_CONSTANT_CONVERSION = YES;
				CLANG_WARN_DEPRECATED_OBJC_IMPLEMENTATIONS = YES;
				CLANG_WARN_DIRECT_OBJC_ISA_USAGE = YES_ERROR;
				CLANG_WARN_DOCUMENTATION_COMMENTS = YES;
				CLANG_WARN_EMPTY_BODY = YES;
				CLANG_WARN_ENUM_CONVERSION = YES;
				CLANG_WARN_INFINITE_RECURSION = YES;
				CLANG_WARN_INT_CONVERSION = YES;
				CLANG_WARN_NON_LITERAL_NULL_CONVERSION = YES;
				CLANG_WARN_OBJC_IMPLICIT_RETAIN_SELF = YES;
				CLANG_WARN_OBJC_LITERAL_CONVERSION = YES;
				CLANG_WARN_OBJC_ROOT_CLASS = YES_ERROR;
				CLANG_WARN_RANGE_LOOP_ANALYSIS = YES;
				CLANG_WARN_STRICT_PROTOTYPES = YES;
				CLANG_WARN_SUSPICIOUS_MOVE = YES;
				CLANG_WARN_UNGUARDED_AVAILABILITY = YES_AGGRESSIVE;
				CLANG_WARN_UNREACHABLE_CODE = YES;
				CLANG_WARN__DUPLICATE_METHOD_MATCH = YES;
				COPY_PHASE_STRIP = NO;
				DEBUG_INFORMATION_FORMAT = dwarf;
				ENABLE_STRICT_OBJC_MSGSEND = YES;
				ENABLE_TESTABILITY = YES;
				GCC_C_LANGUAGE_STANDARD = gnu11;
				GCC_DYNAMIC_NO_PIC = NO;
				GCC_NO_COMMON_BLOCKS = YES;
				GCC_OPTIMIZATION_LEVEL = 0;
				GCC_PREPROCESSOR_DEFINITIONS = (
					"DEBUG=1",
					"$(inherited)",
				);
				GCC_WARN_64_TO_32_BIT_CONVERSION = YES;
				GCC_WARN_ABOUT_RETURN_TYPE = YES_ERROR;
				GCC_WARN_UNDECLARED_SELECTOR = YES;
				GCC_WARN_UNINITIALIZED_AUTOS = YES_AGGRESSIVE;
				GCC_WARN_UNUSED_FUNCTION = YES;
				GCC_WARN_UNUSED_VARIABLE = YES;
				IPHONEOS_DEPLOYMENT_TARGET = 13.2;
				MTL_ENABLE_DEBUG_INFO = INCLUDE_SOURCE;
				MTL_FAST_MATH = YES;
				ONLY_ACTIVE_ARCH = YES;
				SDKROOT = iphoneos;
				SWIFT_ACTIVE_COMPILATION_CONDITIONS = DEBUG;
				SWIFT_OPTIMIZATION_LEVEL = "-Onone";
			};
			name = Debug;
		};
		28E8E4DD23ED50DE008C6B0B /* Release */ = {
			isa = XCBuildConfiguration;
			buildSettings = {
				ALWAYS_SEARCH_USER_PATHS = NO;
				CLANG_ANALYZER_NONNULL = YES;
				CLANG_ANALYZER_NUMBER_OBJECT_CONVERSION = YES_AGGRESSIVE;
				CLANG_CXX_LANGUAGE_STANDARD = "gnu++14";
				CLANG_CXX_LIBRARY = "libc++";
				CLANG_ENABLE_MODULES = YES;
				CLANG_ENABLE_OBJC_ARC = YES;
				CLANG_ENABLE_OBJC_WEAK = YES;
				CLANG_WARN_BLOCK_CAPTURE_AUTORELEASING = YES;
				CLANG_WARN_BOOL_CONVERSION = YES;
				CLANG_WARN_COMMA = YES;
				CLANG_WARN_CONSTANT_CONVERSION = YES;
				CLANG_WARN_DEPRECATED_OBJC_IMPLEMENTATIONS = YES;
				CLANG_WARN_DIRECT_OBJC_ISA_USAGE = YES_ERROR;
				CLANG_WARN_DOCUMENTATION_COMMENTS = YES;
				CLANG_WARN_EMPTY_BODY = YES;
				CLANG_WARN_ENUM_CONVERSION = YES;
				CLANG_WARN_INFINITE_RECURSION = YES;
				CLANG_WARN_INT_CONVERSION = YES;
				CLANG_WARN_NON_LITERAL_NULL_CONVERSION = YES;
				CLANG_WARN_OBJC_IMPLICIT_RETAIN_SELF = YES;
				CLANG_WARN_OBJC_LITERAL_CONVERSION = YES;
				CLANG_WARN_OBJC_ROOT_CLASS = YES_ERROR;
				CLANG_WARN_RANGE_LOOP_ANALYSIS = YES;
				CLANG_WARN_STRICT_PROTOTYPES = YES;
				CLANG_WARN_SUSPICIOUS_MOVE = YES;
				CLANG_WARN_UNGUARDED_AVAILABILITY = YES_AGGRESSIVE;
				CLANG_WARN_UNREACHABLE_CODE = YES;
				CLANG_WARN__DUPLICATE_METHOD_MATCH = YES;
				COPY_PHASE_STRIP = NO;
				DEBUG_INFORMATION_FORMAT = "dwarf-with-dsym";
				ENABLE_NS_ASSERTIONS = NO;
				ENABLE_STRICT_OBJC_MSGSEND = YES;
				GCC_C_LANGUAGE_STANDARD = gnu11;
				GCC_NO_COMMON_BLOCKS = YES;
				GCC_WARN_64_TO_32_BIT_CONVERSION = YES;
				GCC_WARN_ABOUT_RETURN_TYPE = YES_ERROR;
				GCC_WARN_UNDECLARED_SELECTOR = YES;
				GCC_WARN_UNINITIALIZED_AUTOS = YES_AGGRESSIVE;
				GCC_WARN_UNUSED_FUNCTION = YES;
				GCC_WARN_UNUSED_VARIABLE = YES;
				IPHONEOS_DEPLOYMENT_TARGET = 13.2;
				MTL_ENABLE_DEBUG_INFO = NO;
				MTL_FAST_MATH = YES;
				SDKROOT = iphoneos;
				SWIFT_COMPILATION_MODE = wholemodule;
				SWIFT_OPTIMIZATION_LEVEL = "-O";
				VALIDATE_PRODUCT = YES;
			};
			name = Release;
		};
		28E8E4DF23ED50DE008C6B0B /* Debug */ = {
			isa = XCBuildConfiguration;
			baseConfigurationReference = 8554BC9B983D311C6AF45A67 /* Pods-moodcal.debug.xcconfig */;
			buildSettings = {
				ASSETCATALOG_COMPILER_APPICON_NAME = AppIcon;
				CODE_SIGN_STYLE = Automatic;
				DEVELOPMENT_TEAM = JYW6T43CWV;
				INFOPLIST_FILE = moodcal/Info.plist;
				LD_RUNPATH_SEARCH_PATHS = (
					"$(inherited)",
					"@executable_path/Frameworks",
				);
				PRODUCT_BUNDLE_IDENTIFIER = com.UditiSharma.moodcal;
				PRODUCT_NAME = "$(TARGET_NAME)";
				SWIFT_VERSION = 5.0;
				TARGETED_DEVICE_FAMILY = "1,2";
			};
			name = Debug;
		};
		28E8E4E023ED50DE008C6B0B /* Release */ = {
			isa = XCBuildConfiguration;
			baseConfigurationReference = 5B4332C3532A38E0B69BCC03 /* Pods-moodcal.release.xcconfig */;
			buildSettings = {
				ASSETCATALOG_COMPILER_APPICON_NAME = AppIcon;
				CODE_SIGN_STYLE = Automatic;
				DEVELOPMENT_TEAM = JYW6T43CWV;
				INFOPLIST_FILE = moodcal/Info.plist;
				LD_RUNPATH_SEARCH_PATHS = (
					"$(inherited)",
					"@executable_path/Frameworks",
				);
				PRODUCT_BUNDLE_IDENTIFIER = com.UditiSharma.moodcal;
				PRODUCT_NAME = "$(TARGET_NAME)";
				SWIFT_VERSION = 5.0;
				TARGETED_DEVICE_FAMILY = "1,2";
			};
			name = Release;
		};
/* End XCBuildConfiguration section */

/* Begin XCConfigurationList section */
		28E8E4C223ED50DD008C6B0B /* Build configuration list for PBXProject "moodcal" */ = {
			isa = XCConfigurationList;
			buildConfigurations = (
				28E8E4DC23ED50DE008C6B0B /* Debug */,
				28E8E4DD23ED50DE008C6B0B /* Release */,
			);
			defaultConfigurationIsVisible = 0;
			defaultConfigurationName = Release;
		};
		28E8E4DE23ED50DE008C6B0B /* Build configuration list for PBXNativeTarget "moodcal" */ = {
			isa = XCConfigurationList;
			buildConfigurations = (
				28E8E4DF23ED50DE008C6B0B /* Debug */,
				28E8E4E023ED50DE008C6B0B /* Release */,
			);
			defaultConfigurationIsVisible = 0;
			defaultConfigurationName = Release;
		};
/* End XCConfigurationList section */

/* Begin XCVersionGroup section */
		28E0CA5A24055749002EACD6 /* datamodel.xcdatamodeld */ = {
			isa = XCVersionGroup;
			children = (
				28E0CA5B24055749002EACD6 /* datamodel.xcdatamodel */,
			);
			currentVersion = 28E0CA5B24055749002EACD6 /* datamodel.xcdatamodel */;
			path = datamodel.xcdatamodeld;
			sourceTree = "<group>";
			versionGroupType = wrapper.xcdatamodel;
		};
/* End XCVersionGroup section */
	};
	rootObject = 28E8E4BF23ED50DD008C6B0B /* Project object */;
}
